
Microsoft Visual Studio Solution File, Format Version 12.00
# Visual Studio Version 17
VisualStudioVersion = 17.14.36930.0
MinimumVisualStudioVersion = 10.0.40219.1
Project("{FAE04EC0-301F-11D3-BF4B-00C04F79EFBC}") = "hanumachantsApi", "hanumachantsApi.csproj", "{34AEC689-85A6-4CF1-A501-6CFA9E42990E}"
EndProject
Project("{FAE04EC0-301F-11D3-BF4B-00C04F79EFBC}") = "SessionCleaner", "..\SessionCleaner\SessionCleaner.csproj", "{B53983D9-364E-4D57-9F19-E10A22ABCCBF}"
EndProject
Global
	GlobalSection(SolutionConfigurationPlatforms) = preSolution
		Debug|Any CPU = Debug|Any CPU
		Release|Any CPU = Release|Any CPU
	EndGlobalSection
	GlobalSection(ProjectConfigurationPlatforms) = postSolution
		{34AEC689-85A6-4CF1-A501-6CFA9E42990E}.Debug|Any CPU.ActiveCfg = Debug|Any CPU
		{34AEC689-85A6-4CF1-A501-6CFA9E42990E}.Debug|Any CPU.Build.0 = Debug|Any CPU
		{34AEC689-85A6-4CF1-A501-6CFA9E42990E}.Release|Any CPU.ActiveCfg = Release|Any CPU
		{34AEC689-85A6-4CF1-A501-6CFA9E42990E}.Release|Any CPU.Build.0 = Release|Any CPU
		{B53983D9-364E-4D57-9F19-E10A22ABCCBF}.Debug|Any CPU.ActiveCfg = Debug|Any CPU
		{B53983D9-364E-4D57-9F19-E10A22ABCCBF}.Debug|Any CPU.Build.0 = Debug|Any CPU
		{B53983D9-364E-4D57-9F19-E10A22ABCCBF}.Release|Any CPU.ActiveCfg = Release|Any CPU
		{B53983D9-364E-4D57-9F19-E10A22ABCCBF}.Release|Any CPU.Build.0 = Release|Any CPU
	EndGlobalSection
	GlobalSection(SolutionProperties) = preSolution
		HideSolutionNode = FALSE
	EndGlobalSection
	GlobalSection(ExtensibilityGlobals) = postSolution
		SolutionGuid = {73615F7C-8969-4A32-84C9-5E7AB3A25D80}
	EndGlobalSection
EndGlobal
